[[package]]
category = "main"
description = "Extensible memoizing collections and decorators"
name = "cachetools"
optional = false
python-versions = "*"
version = "3.1.1"

[[package]]
category = "main"
description = "Python package for providing Mozilla's CA Bundle."
name = "certifi"
optional = false
python-versions = "*"
version = "2020.12.5"

[[package]]
category = "main"
description = "Universal encoding detector for Python 2 and 3"
name = "chardet"
optional = false
python-versions = ">=2.7, !=3.0.*, !=3.1.*, !=3.2.*, !=3.3.*, !=3.4.*"
version = "4.0.0"

[[package]]
category = "main"
description = "Yet another Python color library."
name = "colorzero"
optional = false
python-versions = "*"
version = "1.1"

[[package]]
category = "main"
description = "Google Authentication Library"
name = "google-auth"
optional = false
python-versions = ">=2.7,!=3.0.*,!=3.1.*,!=3.2.*,!=3.3.*,!=3.4.*,!=3.5.*"
version = "1.27.1"

[package.dependencies]
cachetools = ">=2.0.0,<5.0"
pyasn1-modules = ">=0.2.1"
setuptools = ">=40.3.0"
six = ">=1.9.0"

[package.dependencies.rsa]
python = "<3.6"
version = "<4.6"

[[package]]
category = "main"
description = "Google Authentication Library"
name = "google-auth-oauthlib"
optional = false
python-versions = "*"
version = "0.4.1"

[package.dependencies]
google-auth = "*"
requests-oauthlib = ">=0.7.0"

[[package]]
category = "main"
description = "A simple interface to GPIO devices with Raspberry Pi."
name = "gpiozero"
optional = false
python-versions = "*"
version = "1.5.1"

[package.dependencies]
colorzero = "*"

[[package]]
category = "main"
description = "Google Spreadsheets Python API"
name = "gspread"
optional = false
python-versions = ">=2.7, !=3.0.*, !=3.1.*, !=3.2.*, !=3.3.*"
version = "3.7.0"

[package.dependencies]
google-auth = ">=1.12.0"
google-auth-oauthlib = ">=0.4.1"

[[package]]
category = "main"
description = "A comprehensive HTTP client library."
name = "httplib2"
optional = false
python-versions = "*"
version = "0.19.0"

[package.dependencies]
pyparsing = ">=2.4.2,<3"

[[package]]
category = "main"
description = "Internationalized Domain Names in Applications (IDNA)"
name = "idna"
optional = false
python-versions = ">=2.7, !=3.0.*, !=3.1.*, !=3.2.*, !=3.3.*"
version = "2.10"

[[package]]
category = "main"
description = "OAuth 2.0 client library"
name = "oauth2client"
optional = false
python-versions = "*"
version = "4.1.3"

[package.dependencies]
httplib2 = ">=0.9.1"
pyasn1 = ">=0.1.7"
pyasn1-modules = ">=0.0.5"
rsa = ">=3.1.4"
six = ">=1.6.1"

[[package]]
category = "main"
description = "A generic, spec-compliant, thorough implementation of the OAuth request-signing logic"
name = "oauthlib"
optional = false
python-versions = ">=2.7, !=3.0.*, !=3.1.*, !=3.2.*, !=3.3.*"
version = "3.1.0"

[[package]]
category = "main"
description = "ASN.1 types and codecs"
name = "pyasn1"
optional = false
python-versions = "*"
version = "0.4.8"

[[package]]
category = "main"
description = "A collection of ASN.1-based protocols modules."
name = "pyasn1-modules"
optional = false
python-versions = "*"
version = "0.2.8"

[package.dependencies]
pyasn1 = ">=0.4.6,<0.5.0"

[[package]]
category = "main"
description = "Python parsing module"
name = "pyparsing"
optional = false
python-versions = ">=2.6, !=3.0.*, !=3.1.*, !=3.2.*"
version = "2.4.7"

[[package]]
category = "main"
description = "Python HTTP for Humans."
name = "requests"
optional = false
python-versions = ">=2.7, !=3.0.*, !=3.1.*, !=3.2.*, !=3.3.*, !=3.4.*"
version = "2.25.1"

[package.dependencies]
certifi = ">=2017.4.17"
chardet = ">=3.0.2,<5"
idna = ">=2.5,<3"
urllib3 = ">=1.21.1,<1.27"

[[package]]
category = "main"
description = "OAuthlib authentication support for Requests."
name = "requests-oauthlib"
optional = false
python-versions = ">=2.7, !=3.0.*, !=3.1.*, !=3.2.*, !=3.3.*"
version = "1.3.0"

[package.dependencies]
oauthlib = ">=3.0.0"
requests = ">=2.0.0"

[[package]]
category = "main"
description = "Pure-Python RSA implementation"
name = "rsa"
optional = false
python-versions = ">=2.7, !=3.0.*, !=3.1.*, !=3.2.*, !=3.3.*, !=3.4.*, <4"
version = "4.5"

[package.dependencies]
pyasn1 = ">=0.1.3"

[[package]]
category = "main"
description = "Python 2 and 3 compatibility utilities"
name = "six"
optional = false
python-versions = ">=2.7, !=3.0.*, !=3.1.*, !=3.2.*"
version = "1.15.0"

[[package]]
category = "main"
description = "HTTP library with thread-safe connection pooling, file post, and more."
name = "urllib3"
optional = false
python-versions = ">=2.7, !=3.0.*, !=3.1.*, !=3.2.*, !=3.3.*, !=3.4.*, <4"
version = "1.26.3"

[metadata]
content-hash = "6b69f3c938741dd2bbf3f885846c959e59817bba03e0eae869b7fb67bedfce4c"
python-versions = "^2.7"

[metadata.hashes]
cachetools = ["428266a1c0d36dc5aca63a2d7c5942e88c2c898d72139fca0e97fdd2380517ae", "8ea2d3ce97850f31e4a08b0e2b5e6c34997d7216a9d2c98e0f3978630d4da69a"]
certifi = ["1a4995114262bffbc2413b159f2a1a480c969de6e6eb13ee966d470af86af59c", "719a74fb9e33b9bd44cc7f3a8d94bc35e4049deebe19ba7d8e108280cfd59830"]
chardet = ["0d6f53a15db4120f2b08c94f11e7d93d2c911ee118b6b30a04ec3ee8310179fa", "f864054d66fd9118f2e67044ac8981a54775ec5b67aed0441892edb553d21da5"]
colorzero = ["acba47119b5d8555680d3cda9afe6ccc5481385ccc3c00084dd973f7aa184599", "e3c36d15b293de2b2f77ff54a5bd243fffac941ed0a5332d0697a6612a26a0a3"]
google-auth = ["63a5636d7eacfe6ef5b7e36e112b3149fa1c5b5ad77dd6df54910459bcd6b89f", "d8958af6968e4ecd599f82357ebcfeb126f826ed0656126ad68416f810f7531e"]
google-auth-oauthlib = ["88d2cd115e3391eb85e1243ac6902e76e77c5fe438b7276b297fbe68015458dd", "a92a0f6f41a0fb6138454fbc02674e64f89d82a244ea32f98471733c8ef0e0e1"]
gpiozero = ["101044038e71cec8be2fa841d4cea9e50e7962e9fb0287f465298b59e3f06594", "ae1a8dc4e6e793ffd8f900968f3290d218052c46347fa0c0503c65fabe422e4d"]
gspread = ["056ceb9fb4f439c15ec39d84c91653c6435f775a1c8afc8fe7f909f8393821fb", "4bda4ab8c5edb9e41cf4ae40d4d5fb30447522b4e43608e05c01351ab1b96912"]
httplib2 = ["749c32603f9bf16c1277f59531d502e8f1c2ca19901ae653b49c4ed698f0820e", "e0d428dad43c72dbce7d163b7753ffc7a39c097e6788ef10f4198db69b92f08e"]
idna = ["b307872f855b18632ce0c21c5e45be78c0ea7ae4c15c828c20788b26921eb3f6", "b97d804b1e9b523befed77c48dacec60e6dcb0b5391d57af6a65a312a90648c0"]
oauth2client = ["b8a81cc5d60e2d364f0b1b98f958dbd472887acaf1a5b05e21c28c31a2d6d3ac", "d486741e451287f69568a4d26d70d9acd73a2bbfa275746c535b4209891cccc6"]
oauthlib = ["bee41cc35fcca6e988463cacc3bcb8a96224f470ca547e697b604cc697b2f889", "df884cd6cbe20e32633f1db1072e9356f53638e4361bef4e8b03c9127c9328ea"]
pyasn1 = ["014c0e9976956a08139dc0712ae195324a75e142284d5f87f1a87ee1b068a359", "03840c999ba71680a131cfaee6fab142e1ed9bbd9c693e285cc6aca0d555e576", "0458773cfe65b153891ac249bcf1b5f8f320b7c2ce462151f8fa74de8934becf", "08c3c53b75eaa48d71cf8c710312316392ed40899cb34710d092e96745a358b7", "39c7e2ec30515947ff4e87fb6f456dfc6e84857d34be479c9d4a4ba4bf46aa5d", "5c9414dcfede6e441f7e8f81b43b34e834731003427e5b09e4e00e3172a10f00", "6e7545f1a61025a4e58bb336952c5061697da694db1cae97b116e9c46abcf7c8", "78fa6da68ed2727915c4767bb386ab32cdba863caa7dbe473eaae45f9959da86", "7ab8a544af125fb704feadb008c99a88805126fb525280b2270bb25cc1d78a12", "99fcc3c8d804d1bc6d9a099921e39d827026409a58f2a720dcdb89374ea0c776", "aef77c9fb94a3ac588e87841208bdec464471d9871bd5050a287cc9a475cd0ba", "e89bf84b5437b532b0803ba5c9a5e054d21fec423a89952a74f87fa2c9b7bce2", "fec3e9d8e36808a28efb59b489e4528c10ad0f480e57dcc32b4de5c9d8c9fdf3"]
pyasn1-modules = ["0845a5582f6a02bb3e1bde9ecfc4bfcae6ec3210dd270522fee602365430c3f8", "0fe1b68d1e486a1ed5473f1302bd991c1611d319bba158e98b106ff86e1d7199", "15b7c67fabc7fc240d87fb9aabf999cf82311a6d6fb2c70d00d3d0604878c811", "426edb7a5e8879f1ec54a1864f16b882c2837bfd06eee62f2c982315ee2473ed", "65cebbaffc913f4fe9e4808735c95ea22d7a7775646ab690518c056784bc21b4", "905f84c712230b2c592c19470d3ca8d552de726050d1d1716282a1f6146be65e", "a50b808ffeb97cb3601dd25981f6b016cbb3d31fbf57a8b8a87428e6158d0c74", "a99324196732f53093a84c4369c996713eb8c89d360a496b599fb1a9c47fc3eb", "b80486a6c77252ea3a3e9b1e360bc9cf28eaac41263d173c032581ad2f20fe45", "c29a5e5cc7a3f05926aff34e097e84f8589cd790ce0ed41b67aed6857b26aafd", "cbac4bc38d117f2a49aeedec4407d23e8866ea4ac27ff2cf7fb3e5b570df19e0", "f39edd8c4ecaa4556e989147ebf219227e2cd2e8a43c7e7fcb1f1c18c5fd6a3d", "fe0644d9ab041506b62782e92b06b8c68cca799e1a9636ec398675459e031405"]
pyparsing = ["c203ec8783bf771a155b207279b9bccb8dea02d8f0c9e5f8ead507bc3246ecc1", "ef9d7589ef3c200abe66653d3f1ab1033c3c419ae9b9bdb1240a85b024efc88b"]
requests = ["27973dd4a904a4f13b263a19c866c13b92a39ed1c964655f025f3f8d3d75b804", "c210084e36a42ae6b9219e00e48287def368a26d03a048ddad7bfee44f75871e"]
requests-oauthlib = ["7f71572defaecd16372f9006f33c2ec8c077c3cfa6f5911a9a90202beb513f3d", "b4261601a71fd721a8bd6d7aa1cc1d6a8a93b4a9f5e96626f8e4d91e8beeaa6a", "fa6c47b933f01060936d87ae9327fead68768b69c6c9ea2109c48be30f2d4dbc"]
rsa = ["35c5b5f6675ac02120036d97cf96f1fde4d49670543db2822ba5015e21a18032", "4d409f5a7d78530a4a2062574c7bd80311bc3af29b364e293aa9b03eea77714f"]
six = ["30639c035cdb23534cd4aa2dd52c3bf48f06e5f4a941509c8bafd8ce11080259", "8b74bedcbbbaca38ff6d7491d76f2b06b3592611af620f8426e82dddb04a5ced"]
urllib3 = ["1b465e494e3e0d8939b50680403e3aedaa2bc434b7d5af64dfd3c958d7f5ae80", "de3eedaad74a2683334e282005cd8d7f22f4d55fa690a2a1020a416cb0a47e73"]
